
Microsoft Visual Studio Solution File, Format Version 12.00
Project("{FAE04EC0-301F-11D3-BF4B-00C04F79EFBC}") = "WeatherApi", "WeatherApi\WeatherApi.csproj", "{3E10E79C-2463-42E3-A1C1-0DCFA6784063}"
EndProject
Project("{FAE04EC0-301F-11D3-BF4B-00C04F79EFBC}") = "WeatherApi.Test", "WeatherApi.Test\WeatherApi.Test.csproj", "{F6B6B653-3115-4982-90E1-5DC898804A57}"
EndProject
Global
	GlobalSection(SolutionConfigurationPlatforms) = preSolution
		Debug|Any CPU = Debug|Any CPU
		Release|Any CPU = Release|Any CPU
	EndGlobalSection
	GlobalSection(ProjectConfigurationPlatforms) = postSolution
		{3E10E79C-2463-42E3-A1C1-0DCFA6784063}.Debug|Any CPU.ActiveCfg = Debug|Any CPU
		{3E10E79C-2463-42E3-A1C1-0DCFA6784063}.Debug|Any CPU.Build.0 = Debug|Any CPU
		{3E10E79C-2463-42E3-A1C1-0DCFA6784063}.Release|Any CPU.ActiveCfg = Release|Any CPU
		{3E10E79C-2463-42E3-A1C1-0DCFA6784063}.Release|Any CPU.Build.0 = Release|Any CPU
		{F6B6B653-3115-4982-90E1-5DC898804A57}.Debug|Any CPU.ActiveCfg = Debug|Any CPU
		{F6B6B653-3115-4982-90E1-5DC898804A57}.Debug|Any CPU.Build.0 = Debug|Any CPU
		{F6B6B653-3115-4982-90E1-5DC898804A57}.Release|Any CPU.ActiveCfg = Release|Any CPU
		{F6B6B653-3115-4982-90E1-5DC898804A57}.Release|Any CPU.Build.0 = Release|Any CPU
	EndGlobalSection
EndGlobal
